
Microsoft Visual Studio Solution File, Format Version 12.00
# Visual Studio 14
VisualStudioVersion = 14.0.25420.1
MinimumVisualStudioVersion = 10.0.40219.1
Project("{FAE04EC0-301F-11D3-BF4B-00C04F79EFBC}") = "TaskConsole", "TaskConsole\TaskConsole.csproj", "{395EDC6E-4FA4-4032-9F7F-CE148E3AE889}"
EndProject
Project("{FAE04EC0-301F-11D3-BF4B-00C04F79EFBC}") = "MyClassLibrary", "MyClassLibrary\MyClassLibrary.csproj", "{71EA58D2-D59B-4DB2-BF96-3C80708C7BF6}"
EndProject
Project("{FAE04EC0-301F-11D3-BF4B-00C04F79EFBC}") = "MyHashTable", "HashTable\MyHashTable.csproj", "{A6038CC7-2C87-4D34-A9B8-14967B5C13A2}"
EndProject
Global
	GlobalSection(SolutionConfigurationPlatforms) = preSolution
		Debug|Any CPU = Debug|Any CPU
		Release|Any CPU = Release|Any CPU
	EndGlobalSection
	GlobalSection(ProjectConfigurationPlatforms) = postSolution
		{395EDC6E-4FA4-4032-9F7F-CE148E3AE889}.Debug|Any CPU.ActiveCfg = Debug|Any CPU
		{395EDC6E-4FA4-4032-9F7F-CE148E3AE889}.Debug|Any CPU.Build.0 = Debug|Any CPU
		{395EDC6E-4FA4-4032-9F7F-CE148E3AE889}.Release|Any CPU.ActiveCfg = Release|Any CPU
		{395EDC6E-4FA4-4032-9F7F-CE148E3AE889}.Release|Any CPU.Build.0 = Release|Any CPU
		{71EA58D2-D59B-4DB2-BF96-3C80708C7BF6}.Debug|Any CPU.ActiveCfg = Debug|Any CPU
		{71EA58D2-D59B-4DB2-BF96-3C80708C7BF6}.Debug|Any CPU.Build.0 = Debug|Any CPU
		{71EA58D2-D59B-4DB2-BF96-3C80708C7BF6}.Release|Any CPU.ActiveCfg = Release|Any CPU
		{71EA58D2-D59B-4DB2-BF96-3C80708C7BF6}.Release|Any CPU.Build.0 = Release|Any CPU
		{A6038CC7-2C87-4D34-A9B8-14967B5C13A2}.Debug|Any CPU.ActiveCfg = Debug|Any CPU
		{A6038CC7-2C87-4D34-A9B8-14967B5C13A2}.Debug|Any CPU.Build.0 = Debug|Any CPU
		{A6038CC7-2C87-4D34-A9B8-14967B5C13A2}.Release|Any CPU.ActiveCfg = Release|Any CPU
		{A6038CC7-2C87-4D34-A9B8-14967B5C13A2}.Release|Any CPU.Build.0 = Release|Any CPU
	EndGlobalSection
	GlobalSection(SolutionProperties) = preSolution
		HideSolutionNode = FALSE
	EndGlobalSection
EndGlobal
