
Microsoft Visual Studio Solution File, Format Version 12.00
# Visual Studio 14
VisualStudioVersion = 14.0.25123.0
MinimumVisualStudioVersion = 10.0.40219.1
Project("{FAE04EC0-301F-11D3-BF4B-00C04F79EFBC}") = "Attributes", "Attributes\Attributes.csproj", "{A7B17235-C276-40DF-9284-2F18D312E62F}"
EndProject
Project("{FAE04EC0-301F-11D3-BF4B-00C04F79EFBC}") = "Attributes.Tests", "Attributes.Tests\Attributes.Tests.csproj", "{77102EB6-5B65-47B6-8EB2-C7C9DC9AFB4D}"
EndProject
Global
	GlobalSection(SolutionConfigurationPlatforms) = preSolution
		Debug|Any CPU = Debug|Any CPU
		Release|Any CPU = Release|Any CPU
	EndGlobalSection
	GlobalSection(ProjectConfigurationPlatforms) = postSolution
		{A7B17235-C276-40DF-9284-2F18D312E62F}.Debug|Any CPU.ActiveCfg = Debug|Any CPU
		{A7B17235-C276-40DF-9284-2F18D312E62F}.Debug|Any CPU.Build.0 = Debug|Any CPU
		{A7B17235-C276-40DF-9284-2F18D312E62F}.Release|Any CPU.ActiveCfg = Release|Any CPU
		{A7B17235-C276-40DF-9284-2F18D312E62F}.Release|Any CPU.Build.0 = Release|Any CPU
		{77102EB6-5B65-47B6-8EB2-C7C9DC9AFB4D}.Debug|Any CPU.ActiveCfg = Debug|Any CPU
		{77102EB6-5B65-47B6-8EB2-C7C9DC9AFB4D}.Debug|Any CPU.Build.0 = Debug|Any CPU
		{77102EB6-5B65-47B6-8EB2-C7C9DC9AFB4D}.Release|Any CPU.ActiveCfg = Release|Any CPU
		{77102EB6-5B65-47B6-8EB2-C7C9DC9AFB4D}.Release|Any CPU.Build.0 = Release|Any CPU
	EndGlobalSection
	GlobalSection(SolutionProperties) = preSolution
		HideSolutionNode = FALSE
	EndGlobalSection
EndGlobal
