
Microsoft Visual Studio Solution File, Format Version 12.00
# Visual Studio 14
VisualStudioVersion = 14.0.25123.0
MinimumVisualStudioVersion = 10.0.40219.1
Project("{FAE04EC0-301F-11D3-BF4B-00C04F79EFBC}") = "DoSomethingClient", "DoSomethingClient\DoSomethingClient.csproj", "{F6815724-A59B-4EE6-8A32-D1D93146A9CA}"
EndProject
Project("{FAE04EC0-301F-11D3-BF4B-00C04F79EFBC}") = "MyInterfaces", "MyInterfaces\MyInterfaces.csproj", "{C4F58E76-7751-4E25-93C2-1E4BA0A771CF}"
EndProject
Project("{FAE04EC0-301F-11D3-BF4B-00C04F79EFBC}") = "MyLibrary", "MyLibrary\MyLibrary.csproj", "{E4E879D3-E37C-49D4-BAE5-C3D8C20B34D0}"
EndProject
Global
	GlobalSection(SolutionConfigurationPlatforms) = preSolution
		Debug|Any CPU = Debug|Any CPU
		Release|Any CPU = Release|Any CPU
	EndGlobalSection
	GlobalSection(ProjectConfigurationPlatforms) = postSolution
		{F6815724-A59B-4EE6-8A32-D1D93146A9CA}.Debug|Any CPU.ActiveCfg = Debug|Any CPU
		{F6815724-A59B-4EE6-8A32-D1D93146A9CA}.Debug|Any CPU.Build.0 = Debug|Any CPU
		{F6815724-A59B-4EE6-8A32-D1D93146A9CA}.Release|Any CPU.ActiveCfg = Release|Any CPU
		{F6815724-A59B-4EE6-8A32-D1D93146A9CA}.Release|Any CPU.Build.0 = Release|Any CPU
		{C4F58E76-7751-4E25-93C2-1E4BA0A771CF}.Debug|Any CPU.ActiveCfg = Debug|Any CPU
		{C4F58E76-7751-4E25-93C2-1E4BA0A771CF}.Debug|Any CPU.Build.0 = Debug|Any CPU
		{C4F58E76-7751-4E25-93C2-1E4BA0A771CF}.Release|Any CPU.ActiveCfg = Release|Any CPU
		{C4F58E76-7751-4E25-93C2-1E4BA0A771CF}.Release|Any CPU.Build.0 = Release|Any CPU
		{E4E879D3-E37C-49D4-BAE5-C3D8C20B34D0}.Debug|Any CPU.ActiveCfg = Debug|Any CPU
		{E4E879D3-E37C-49D4-BAE5-C3D8C20B34D0}.Debug|Any CPU.Build.0 = Debug|Any CPU
		{E4E879D3-E37C-49D4-BAE5-C3D8C20B34D0}.Release|Any CPU.ActiveCfg = Release|Any CPU
		{E4E879D3-E37C-49D4-BAE5-C3D8C20B34D0}.Release|Any CPU.Build.0 = Release|Any CPU
	EndGlobalSection
	GlobalSection(SolutionProperties) = preSolution
		HideSolutionNode = FALSE
	EndGlobalSection
EndGlobal
